
Microsoft Visual Studio Solution File, Format Version 12.00
# Visual Studio Version 16
VisualStudioVersion = 16.0.30128.74
MinimumVisualStudioVersion = 10.0.40219.1
Project("{FAE04EC0-301F-11D3-BF4B-00C04F79EFBC}") = "AppTesteEntry.Android", "AppTesteEntry\AppTesteEntry.Android\AppTesteEntry.Android.csproj", "{F36F2454-018E-48EE-8D68-D50487E426EA}"
EndProject
Project("{FAE04EC0-301F-11D3-BF4B-00C04F79EFBC}") = "AppTesteEntry", "AppTesteEntry\AppTesteEntry\AppTesteEntry.csproj", "{FE8AA6C5-D62B-470F-BA2A-C0E880F99337}"
EndProject
Project("{FAE04EC0-301F-11D3-BF4B-00C04F79EFBC}") = "MaskEdXamarin", "MaskEdXamarin\MaskEdXamarin.csproj", "{340A137B-1937-43FC-8FB2-30155D2B5F1C}"
EndProject
Global
	GlobalSection(SolutionConfigurationPlatforms) = preSolution
		Debug|Any CPU = Debug|Any CPU
		Release|Any CPU = Release|Any CPU
	EndGlobalSection
	GlobalSection(ProjectConfigurationPlatforms) = postSolution
		{F36F2454-018E-48EE-8D68-D50487E426EA}.Debug|Any CPU.ActiveCfg = Debug|Any CPU
		{F36F2454-018E-48EE-8D68-D50487E426EA}.Debug|Any CPU.Build.0 = Debug|Any CPU
		{F36F2454-018E-48EE-8D68-D50487E426EA}.Debug|Any CPU.Deploy.0 = Debug|Any CPU
		{F36F2454-018E-48EE-8D68-D50487E426EA}.Release|Any CPU.ActiveCfg = Release|Any CPU
		{F36F2454-018E-48EE-8D68-D50487E426EA}.Release|Any CPU.Build.0 = Release|Any CPU
		{F36F2454-018E-48EE-8D68-D50487E426EA}.Release|Any CPU.Deploy.0 = Release|Any CPU
		{FE8AA6C5-D62B-470F-BA2A-C0E880F99337}.Debug|Any CPU.ActiveCfg = Debug|Any CPU
		{FE8AA6C5-D62B-470F-BA2A-C0E880F99337}.Debug|Any CPU.Build.0 = Debug|Any CPU
		{FE8AA6C5-D62B-470F-BA2A-C0E880F99337}.Debug|Any CPU.Deploy.0 = Debug|Any CPU
		{FE8AA6C5-D62B-470F-BA2A-C0E880F99337}.Release|Any CPU.ActiveCfg = Release|Any CPU
		{FE8AA6C5-D62B-470F-BA2A-C0E880F99337}.Release|Any CPU.Build.0 = Release|Any CPU
		{FE8AA6C5-D62B-470F-BA2A-C0E880F99337}.Release|Any CPU.Deploy.0 = Release|Any CPU
		{340A137B-1937-43FC-8FB2-30155D2B5F1C}.Debug|Any CPU.ActiveCfg = Debug|Any CPU
		{340A137B-1937-43FC-8FB2-30155D2B5F1C}.Debug|Any CPU.Build.0 = Debug|Any CPU
		{340A137B-1937-43FC-8FB2-30155D2B5F1C}.Release|Any CPU.ActiveCfg = Release|Any CPU
		{340A137B-1937-43FC-8FB2-30155D2B5F1C}.Release|Any CPU.Build.0 = Release|Any CPU
	EndGlobalSection
	GlobalSection(SolutionProperties) = preSolution
		HideSolutionNode = FALSE
	EndGlobalSection
	GlobalSection(ExtensibilityGlobals) = postSolution
		SolutionGuid = {55286098-BBDC-4111-911D-D92EC986C7BA}
	EndGlobalSection
EndGlobal
